<?xml version="1.0" encoding="utf-8"?>
<Project ToolsVersion="4.0" xmlns="http://schemas.microsoft.com/developer/msbuild/2003">
  <ItemGroup>
    <Filter Include="Source Files">
      <UniqueIdentifier>{4FC737F1-C7A5-4376-A066-2A32D752A2FF}</UniqueIdentifier>
      <Extensions>cpp;c;cc;cxx;def;odl;idl;hpj;bat;asm;asmx</Extensions>
    </Filter>
    <Filter Include="Header Files">
      <UniqueIdentifier>{93995380-89BD-4b04-88EB-625FBE52EBFB}</UniqueIdentifier>
      <Extensions>h;hh;hpp;hxx;hm;inl;inc;xsd</Extensions>
    </Filter>
    <Filter Include="Resource Files">
      <UniqueIdentifier>{67DA6AB6-F800-4c08-8B7A-83BB121AAD01}</UniqueIdentifier>
      <Extensions>rc;ico;cur;bmp;dlg;rc2;rct;bin;rgs;gif;jpg;jpeg;jpe;resx;tiff;tif;png;wav;mfcribbon-ms</Extensions>
    </Filter>
    <Filter Include="Template Source Files">
      <UniqueIdentifier>{ee785f45-c1cf-48ae-b864-f27237b077c1}</UniqueIdentifier>
    </Filter>
  </ItemGroup>
  <ItemGroup>
    <ClCompile Include="msdf-atlas-gen\artery-font-export.cpp">
      <Filter>Source Files</Filter>
    </ClCompile>
    <ClCompile Include="msdf-atlas-gen\bitmap-blit.cpp">
      <Filter>Source Files</Filter>
    </ClCompile>
    <ClCompile Include="msdf-atlas-gen\csv-export.cpp">
      <Filter>Source Files</Filter>
    </ClCompile>
    <ClCompile Include="msdf-atlas-gen\glyph-generators.cpp">
      <Filter>Source Files</Filter>
    </ClCompile>
    <ClCompile Include="msdf-atlas-gen\GlyphGeometry.cpp">
      <Filter>Source Files</Filter>
    </ClCompile>
    <ClCompile Include="msdf-atlas-gen\Charset.cpp">
      <Filter>Source Files</Filter>
    </ClCompile>
    <ClCompile Include="msdf-atlas-gen\charset-parser.cpp">
      <Filter>Source Files</Filter>
    </ClCompile>
    <ClCompile Include="msdf-atlas-gen\image-encode.cpp">
      <Filter>Source Files</Filter>
    </ClCompile>
    <ClCompile Include="msdf-atlas-gen\json-export.cpp">
      <Filter>Source Files</Filter>
    </ClCompile>
    <ClCompile Include="msdf-atlas-gen\main.cpp">
      <Filter>Source Files</Filter>
    </ClCompile>
    <ClCompile Include="msdf-atlas-gen\RectanglePacker.cpp">
      <Filter>Source Files</Filter>
    </ClCompile>
    <ClCompile Include="msdf-atlas-gen\shadron-preview-generator.cpp">
      <Filter>Source Files</Filter>
    </ClCompile>
    <ClCompile Include="msdf-atlas-gen\size-selectors.cpp">
      <Filter>Source Files</Filter>
    </ClCompile>
    <ClCompile Include="msdf-atlas-gen\TightAtlasPacker.cpp">
      <Filter>Source Files</Filter>
    </ClCompile>
    <ClCompile Include="msdf-atlas-gen\utf8.cpp">
      <Filter>Source Files</Filter>
    </ClCompile>
    <ClCompile Include="msdf-atlas-gen\Workload.cpp">
      <Filter>Source Files</Filter>
    </ClCompile>
    <ClCompile Include="msdf-atlas-gen\FontGeometry.cpp">
      <Filter>Source Files</Filter>
    </ClCompile>
  </ItemGroup>
  <ItemGroup>
    <ClInclude Include="resource.h">
      <Filter>Header Files</Filter>
    </ClInclude>
    <ClInclude Include="msdf-atlas-gen\artery-font-export.h">
      <Filter>Header Files</Filter>
    </ClInclude>
    <ClInclude Include="msdf-atlas-gen\AtlasGenerator.h">
      <Filter>Header Files</Filter>
    </ClInclude>
    <ClInclude Include="msdf-atlas-gen\AtlasStorage.h">
      <Filter>Header Files</Filter>
    </ClInclude>
    <ClInclude Include="msdf-atlas-gen\BitmapAtlasStorage.h">
      <Filter>Header Files</Filter>
    </ClInclude>
    <ClInclude Include="msdf-atlas-gen\BitmapAtlasStorage.hpp">
      <Filter>Template Source Files</Filter>
    </ClInclude>
    <ClInclude Include="msdf-atlas-gen\bitmap-blit.h">
      <Filter>Header Files</Filter>
    </ClInclude>
    <ClInclude Include="msdf-atlas-gen\csv-export.h">
      <Filter>Header Files</Filter>
    </ClInclude>
    <ClInclude Include="msdf-atlas-gen\DynamicAtlas.h">
      <Filter>Header Files</Filter>
    </ClInclude>
    <ClInclude Include="msdf-atlas-gen\DynamicAtlas.hpp">
      <Filter>Template Source Files</Filter>
    </ClInclude>
    <ClInclude Include="msdf-atlas-gen\GlyphBox.h">
      <Filter>Header Files</Filter>
    </ClInclude>
    <ClInclude Include="msdf-atlas-gen\glyph-generators.h">
      <Filter>Header Files</Filter>
    </ClInclude>
    <ClInclude Include="msdf-atlas-gen\GlyphGeometry.h">
      <Filter>Header Files</Filter>
    </ClInclude>
    <ClInclude Include="msdf-atlas-gen\Charset.h">
      <Filter>Header Files</Filter>
    </ClInclude>
    <ClInclude Include="msdf-atlas-gen\image-encode.h">
      <Filter>Header Files</Filter>
    </ClInclude>
    <ClInclude Include="msdf-atlas-gen\image-save.h">
      <Filter>Header Files</Filter>
    </ClInclude>
    <ClInclude Include="msdf-atlas-gen\image-save.hpp">
      <Filter>Template Source Files</Filter>
    </ClInclude>
    <ClInclude Include="msdf-atlas-gen\ImmediateAtlasGenerator.h">
      <Filter>Header Files</Filter>
    </ClInclude>
    <ClInclude Include="msdf-atlas-gen\ImmediateAtlasGenerator.hpp">
      <Filter>Template Source Files</Filter>
    </ClInclude>
    <ClInclude Include="msdf-atlas-gen\json-export.h">
      <Filter>Header Files</Filter>
    </ClInclude>
    <ClInclude Include="msdf-atlas-gen\msdf-atlas-gen.h">
      <Filter>Header Files</Filter>
    </ClInclude>
    <ClInclude Include="msdf-atlas-gen\Rectangle.h">
      <Filter>Header Files</Filter>
    </ClInclude>
    <ClInclude Include="msdf-atlas-gen\RectanglePacker.h">
      <Filter>Header Files</Filter>
    </ClInclude>
    <ClInclude Include="msdf-atlas-gen\rectangle-packing.h">
      <Filter>Header Files</Filter>
    </ClInclude>
    <ClInclude Include="msdf-atlas-gen\rectangle-packing.hpp">
      <Filter>Template Source Files</Filter>
    </ClInclude>
    <ClInclude Include="msdf-atlas-gen\Remap.h">
      <Filter>Header Files</Filter>
    </ClInclude>
    <ClInclude Include="msdf-atlas-gen\shadron-preview-generator.h">
      <Filter>Header Files</Filter>
    </ClInclude>
    <ClInclude Include="msdf-atlas-gen\size-selectors.h">
      <Filter>Header Files</Filter>
    </ClInclude>
    <ClInclude Include="msdf-atlas-gen\TightAtlasPacker.h">
      <Filter>Header Files</Filter>
    </ClInclude>
    <ClInclude Include="msdf-atlas-gen\types.h">
      <Filter>Header Files</Filter>
    </ClInclude>
    <ClInclude Include="msdf-atlas-gen\utf8.h">
      <Filter>Header Files</Filter>
    </ClInclude>
    <ClInclude Include="msdf-atlas-gen\Workload.h">
      <Filter>Header Files</Filter>
    </ClInclude>
    <ClInclude Include="msdf-atlas-gen\FontGeometry.h">
      <Filter>Header Files</Filter>
    </ClInclude>
  </ItemGroup>
  <ItemGroup>
    <ResourceCompile Include="msdf-atlas-gen.rc">
      <Filter>Resource Files</Filter>
    </ResourceCompile>
  </ItemGroup>
  <ItemGroup>
    <Image Include="icon.ico">
      <Filter>Resource Files</Filter>
    </Image>
  </ItemGroup>
</Project>