// !$*UTF8*$!
{
	archiveVersion = 1;
	classes = {
	};
	objectVersion = 46;
	objects = {

/* Begin PBXBuildFile section */
		833505FA1A898E54009FD917 /* MBEMesh.m in Sources */ = {isa = PBXBuildFile; fileRef = 833505F91A898E54009FD917 /* MBEMesh.m */; };
		833505FD1A89970A009FD917 /* MBETextMesh.m in Sources */ = {isa = PBXBuildFile; fileRef = 833505FC1A89970A009FD917 /* MBETextMesh.m */; };
		83D6DE9F1A853166003E9203 /* main.m in Sources */ = {isa = PBXBuildFile; fileRef = 83D6DE9E1A853166003E9203 /* main.m */; };
		83D6DEA21A853166003E9203 /* AppDelegate.m in Sources */ = {isa = PBXBuildFile; fileRef = 83D6DEA11A853166003E9203 /* AppDelegate.m */; };
		83D6DEA51A853166003E9203 /* MBEViewController.m in Sources */ = {isa = PBXBuildFile; fileRef = 83D6DEA41A853166003E9203 /* MBEViewController.m */; };
		83D6DEA81A853166003E9203 /* Main.storyboard in Resources */ = {isa = PBXBuildFile; fileRef = 83D6DEA61A853166003E9203 /* Main.storyboard */; };
		83D6DEAA1A853166003E9203 /* Images.xcassets in Resources */ = {isa = PBXBuildFile; fileRef = 83D6DEA91A853166003E9203 /* Images.xcassets */; };
		83D6DEAD1A853166003E9203 /* LaunchScreen.xib in Resources */ = {isa = PBXBuildFile; fileRef = 83D6DEAB1A853166003E9203 /* LaunchScreen.xib */; };
		83D6DEC81A853291003E9203 /* MBEMathUtilities.m in Sources */ = {isa = PBXBuildFile; fileRef = 83D6DEC31A853291003E9203 /* MBEMathUtilities.m */; };
		83D6DEC91A853291003E9203 /* MBEMetalView.m in Sources */ = {isa = PBXBuildFile; fileRef = 83D6DEC51A853291003E9203 /* MBEMetalView.m */; };
		83D6DECA1A853291003E9203 /* MBERenderer.m in Sources */ = {isa = PBXBuildFile; fileRef = 83D6DEC71A853291003E9203 /* MBERenderer.m */; };
		83D6DECD1A853689003E9203 /* Shaders.metal in Sources */ = {isa = PBXBuildFile; fileRef = 83D6DECC1A853689003E9203 /* Shaders.metal */; };
		83D6DED01A854244003E9203 /* MBEFontAtlas.m in Sources */ = {isa = PBXBuildFile; fileRef = 83D6DECF1A854244003E9203 /* MBEFontAtlas.m */; };
/* End PBXBuildFile section */

/* Begin PBXFileReference section */
		833505F81A898E54009FD917 /* MBEMesh.h */ = {isa = PBXFileReference; fileEncoding = 4; lastKnownFileType = sourcecode.c.h; path = MBEMesh.h; sourceTree = "<group>"; };
		833505F91A898E54009FD917 /* MBEMesh.m */ = {isa = PBXFileReference; fileEncoding = 4; lastKnownFileType = sourcecode.c.objc; path = MBEMesh.m; sourceTree = "<group>"; };
		833505FB1A89970A009FD917 /* MBETextMesh.h */ = {isa = PBXFileReference; fileEncoding = 4; lastKnownFileType = sourcecode.c.h; path = MBETextMesh.h; sourceTree = "<group>"; };
		833505FC1A89970A009FD917 /* MBETextMesh.m */ = {isa = PBXFileReference; fileEncoding = 4; lastKnownFileType = sourcecode.c.objc; path = MBETextMesh.m; sourceTree = "<group>"; };
		83D6DE991A853166003E9203 /* TextRendering.app */ = {isa = PBXFileReference; explicitFileType = wrapper.application; includeInIndex = 0; path = TextRendering.app; sourceTree = BUILT_PRODUCTS_DIR; };
		83D6DE9D1A853166003E9203 /* Info.plist */ = {isa = PBXFileReference; lastKnownFileType = text.plist.xml; path = Info.plist; sourceTree = "<group>"; };
		83D6DE9E1A853166003E9203 /* main.m */ = {isa = PBXFileReference; lastKnownFileType = sourcecode.c.objc; path = main.m; sourceTree = "<group>"; };
		83D6DEA01A853166003E9203 /* AppDelegate.h */ = {isa = PBXFileReference; lastKnownFileType = sourcecode.c.h; path = AppDelegate.h; sourceTree = "<group>"; };
		83D6DEA11A853166003E9203 /* AppDelegate.m */ = {isa = PBXFileReference; lastKnownFileType = sourcecode.c.objc; path = AppDelegate.m; sourceTree = "<group>"; };
		83D6DEA31A853166003E9203 /* MBEViewController.h */ = {isa = PBXFileReference; lastKnownFileType = sourcecode.c.h; path = MBEViewController.h; sourceTree = "<group>"; };
		83D6DEA41A853166003E9203 /* MBEViewController.m */ = {isa = PBXFileReference; lastKnownFileType = sourcecode.c.objc; path = MBEViewController.m; sourceTree = "<group>"; };
		83D6DEA71A853166003E9203 /* Base */ = {isa = PBXFileReference; lastKnownFileType = file.storyboard; name = Base; path = Base.lproj/Main.storyboard; sourceTree = "<group>"; };
		83D6DEA91A853166003E9203 /* Images.xcassets */ = {isa = PBXFileReference; lastKnownFileType = folder.assetcatalog; path = Images.xcassets; sourceTree = "<group>"; };
		83D6DEAC1A853166003E9203 /* Base */ = {isa = PBXFileReference; lastKnownFileType = file.xib; name = Base; path = Base.lproj/LaunchScreen.xib; sourceTree = "<group>"; };
		83D6DEC21A853291003E9203 /* MBEMathUtilities.h */ = {isa = PBXFileReference; fileEncoding = 4; lastKnownFileType = sourcecode.c.h; path = MBEMathUtilities.h; sourceTree = "<group>"; };
		83D6DEC31A853291003E9203 /* MBEMathUtilities.m */ = {isa = PBXFileReference; fileEncoding = 4; lastKnownFileType = sourcecode.c.objc; path = MBEMathUtilities.m; sourceTree = "<group>"; };
		83D6DEC41A853291003E9203 /* MBEMetalView.h */ = {isa = PBXFileReference; fileEncoding = 4; lastKnownFileType = sourcecode.c.h; path = MBEMetalView.h; sourceTree = "<group>"; };
		83D6DEC51A853291003E9203 /* MBEMetalView.m */ = {isa = PBXFileReference; fileEncoding = 4; lastKnownFileType = sourcecode.c.objc; path = MBEMetalView.m; sourceTree = "<group>"; };
		83D6DEC61A853291003E9203 /* MBERenderer.h */ = {isa = PBXFileReference; fileEncoding = 4; lastKnownFileType = sourcecode.c.h; path = MBERenderer.h; sourceTree = "<group>"; };
		83D6DEC71A853291003E9203 /* MBERenderer.m */ = {isa = PBXFileReference; fileEncoding = 4; lastKnownFileType = sourcecode.c.objc; path = MBERenderer.m; sourceTree = "<group>"; };
		83D6DECB1A853360003E9203 /* MBETypes.h */ = {isa = PBXFileReference; lastKnownFileType = sourcecode.c.h; path = MBETypes.h; sourceTree = "<group>"; };
		83D6DECC1A853689003E9203 /* Shaders.metal */ = {isa = PBXFileReference; fileEncoding = 4; lastKnownFileType = sourcecode.metal; path = Shaders.metal; sourceTree = "<group>"; };
		83D6DECE1A854244003E9203 /* MBEFontAtlas.h */ = {isa = PBXFileReference; fileEncoding = 4; lastKnownFileType = sourcecode.c.h; path = MBEFontAtlas.h; sourceTree = "<group>"; };
		83D6DECF1A854244003E9203 /* MBEFontAtlas.m */ = {isa = PBXFileReference; fileEncoding = 4; lastKnownFileType = sourcecode.c.objc; path = MBEFontAtlas.m; sourceTree = "<group>"; };
/* End PBXFileReference section */

/* Begin PBXFrameworksBuildPhase section */
		83D6DE961A853166003E9203 /* Frameworks */ = {
			isa = PBXFrameworksBuildPhase;
			buildActionMask = 2147483647;
			files = (
			);
			runOnlyForDeploymentPostprocessing = 0;
		};
/* End PBXFrameworksBuildPhase section */

/* Begin PBXGroup section */
		83D6DE901A853166003E9203 = {
			isa = PBXGroup;
			children = (
				83D6DE9B1A853166003E9203 /* TextRendering */,
				83D6DE9A1A853166003E9203 /* Products */,
			);
			sourceTree = "<group>";
		};
		83D6DE9A1A853166003E9203 /* Products */ = {
			isa = PBXGroup;
			children = (
				83D6DE991A853166003E9203 /* TextRendering.app */,
			);
			name = Products;
			sourceTree = "<group>";
		};
		83D6DE9B1A853166003E9203 /* TextRendering */ = {
			isa = PBXGroup;
			children = (
				83D6DECB1A853360003E9203 /* MBETypes.h */,
				833505F81A898E54009FD917 /* MBEMesh.h */,
				833505F91A898E54009FD917 /* MBEMesh.m */,
				833505FB1A89970A009FD917 /* MBETextMesh.h */,
				833505FC1A89970A009FD917 /* MBETextMesh.m */,
				83D6DEC21A853291003E9203 /* MBEMathUtilities.h */,
				83D6DEC31A853291003E9203 /* MBEMathUtilities.m */,
				83D6DECE1A854244003E9203 /* MBEFontAtlas.h */,
				83D6DECF1A854244003E9203 /* MBEFontAtlas.m */,
				83D6DEC41A853291003E9203 /* MBEMetalView.h */,
				83D6DEC51A853291003E9203 /* MBEMetalView.m */,
				83D6DEC61A853291003E9203 /* MBERenderer.h */,
				83D6DEC71A853291003E9203 /* MBERenderer.m */,
				83D6DEA31A853166003E9203 /* MBEViewController.h */,
				83D6DEA41A853166003E9203 /* MBEViewController.m */,
				83D6DEA01A853166003E9203 /* AppDelegate.h */,
				83D6DEA11A853166003E9203 /* AppDelegate.m */,
				83D6DECC1A853689003E9203 /* Shaders.metal */,
				83D6DEA61A853166003E9203 /* Main.storyboard */,
				83D6DEAB1A853166003E9203 /* LaunchScreen.xib */,
				83D6DEA91A853166003E9203 /* Images.xcassets */,
				83D6DE9C1A853166003E9203 /* Supporting Files */,
			);
			path = TextRendering;
			sourceTree = "<group>";
		};
		83D6DE9C1A853166003E9203 /* Supporting Files */ = {
			isa = PBXGroup;
			children = (
				83D6DE9D1A853166003E9203 /* Info.plist */,
				83D6DE9E1A853166003E9203 /* main.m */,
			);
			name = "Supporting Files";
			sourceTree = "<group>";
		};
/* End PBXGroup section */

/* Begin PBXNativeTarget section */
		83D6DE981A853166003E9203 /* TextRendering */ = {
			isa = PBXNativeTarget;
			buildConfigurationList = 83D6DEBC1A853166003E9203 /* Build configuration list for PBXNativeTarget "TextRendering" */;
			buildPhases = (
				83D6DE951A853166003E9203 /* Sources */,
				83D6DE961A853166003E9203 /* Frameworks */,
				83D6DE971A853166003E9203 /* Resources */,
			);
			buildRules = (
			);
			dependencies = (
			);
			name = TextRendering;
			productName = TextRendering;
			productReference = 83D6DE991A853166003E9203 /* TextRendering.app */;
			productType = "com.apple.product-type.application";
		};
/* End PBXNativeTarget section */

/* Begin PBXProject section */
		83D6DE911A853166003E9203 /* Project object */ = {
			isa = PBXProject;
			attributes = {
				LastUpgradeCheck = 1400;
				ORGANIZATIONNAME = "Metal By Example";
				TargetAttributes = {
					83D6DE981A853166003E9203 = {
						CreatedOnToolsVersion = 6.2;
					};
				};
			};
			buildConfigurationList = 83D6DE941A853166003E9203 /* Build configuration list for PBXProject "TextRendering" */;
			compatibilityVersion = "Xcode 3.2";
			developmentRegion = en;
			hasScannedForEncodings = 0;
			knownRegions = (
				en,
				Base,
			);
			mainGroup = 83D6DE901A853166003E9203;
			productRefGroup = 83D6DE9A1A853166003E9203 /* Products */;
			projectDirPath = "";
			projectRoot = "";
			targets = (
				83D6DE981A853166003E9203 /* TextRendering */,
			);
		};
/* End PBXProject section */

/* Begin PBXResourcesBuildPhase section */
		83D6DE971A853166003E9203 /* Resources */ = {
			isa = PBXResourcesBuildPhase;
			buildActionMask = 2147483647;
			files = (
				83D6DEA81A853166003E9203 /* Main.storyboard in Resources */,
				83D6DEAD1A853166003E9203 /* LaunchScreen.xib in Resources */,
				83D6DEAA1A853166003E9203 /* Images.xcassets in Resources */,
			);
			runOnlyForDeploymentPostprocessing = 0;
		};
/* End PBXResourcesBuildPhase section */

/* Begin PBXSourcesBuildPhase section */
		83D6DE951A853166003E9203 /* Sources */ = {
			isa = PBXSourcesBuildPhase;
			buildActionMask = 2147483647;
			files = (
				83D6DEA51A853166003E9203 /* MBEViewController.m in Sources */,
				83D6DED01A854244003E9203 /* MBEFontAtlas.m in Sources */,
				833505FD1A89970A009FD917 /* MBETextMesh.m in Sources */,
				83D6DECD1A853689003E9203 /* Shaders.metal in Sources */,
				83D6DECA1A853291003E9203 /* MBERenderer.m in Sources */,
				83D6DEA21A853166003E9203 /* AppDelegate.m in Sources */,
				83D6DE9F1A853166003E9203 /* main.m in Sources */,
				83D6DEC91A853291003E9203 /* MBEMetalView.m in Sources */,
				83D6DEC81A853291003E9203 /* MBEMathUtilities.m in Sources */,
				833505FA1A898E54009FD917 /* MBEMesh.m in Sources */,
			);
			runOnlyForDeploymentPostprocessing = 0;
		};
/* End PBXSourcesBuildPhase section */

/* Begin PBXVariantGroup section */
		83D6DEA61A853166003E9203 /* Main.storyboard */ = {
			isa = PBXVariantGroup;
			children = (
				83D6DEA71A853166003E9203 /* Base */,
			);
			name = Main.storyboard;
			sourceTree = "<group>";
		};
		83D6DEAB1A853166003E9203 /* LaunchScreen.xib */ = {
			isa = PBXVariantGroup;
			children = (
				83D6DEAC1A853166003E9203 /* Base */,
			);
			name = LaunchScreen.xib;
			sourceTree = "<group>";
		};
/* End PBXVariantGroup section */

/* Begin XCBuildConfiguration section */
		83D6DEBA1A853166003E9203 /* Debug */ = {
			isa = XCBuildConfiguration;
			buildSettings = {
				ALWAYS_SEARCH_USER_PATHS = NO;
				CLANG_ANALYZER_LOCALIZABILITY_NONLOCALIZED = YES;
				CLANG_CXX_LANGUAGE_STANDARD = "gnu++0x";
				CLANG_CXX_LIBRARY = "libc++";
				CLANG_ENABLE_MODULES = YES;
				CLANG_ENABLE_OBJC_ARC = YES;
				CLANG_WARN_BLOCK_CAPTURE_AUTORELEASING = YES;
				CLANG_WARN_BOOL_CONVERSION = YES;
				CLANG_WARN_COMMA = YES;
				CLANG_WARN_CONSTANT_CONVERSION = YES;
				CLANG_WARN_DEPRECATED_OBJC_IMPLEMENTATIONS = YES;
				CLANG_WARN_DIRECT_OBJC_ISA_USAGE = YES_ERROR;
				CLANG_WARN_EMPTY_BODY = YES;
				CLANG_WARN_ENUM_CONVERSION = YES;
				CLANG_WARN_INFINITE_RECURSION = YES;
				CLANG_WARN_INT_CONVERSION = YES;
				CLANG_WARN_NON_LITERAL_NULL_CONVERSION = YES;
				CLANG_WARN_OBJC_IMPLICIT_RETAIN_SELF = YES;
				CLANG_WARN_OBJC_LITERAL_CONVERSION = YES;
				CLANG_WARN_OBJC_ROOT_CLASS = YES_ERROR;
				CLANG_WARN_QUOTED_INCLUDE_IN_FRAMEWORK_HEADER = YES;
				CLANG_WARN_RANGE_LOOP_ANALYSIS = YES;
				CLANG_WARN_STRICT_PROTOTYPES = YES;
				CLANG_WARN_SUSPICIOUS_MOVE = YES;
				CLANG_WARN_UNREACHABLE_CODE = YES;
				CLANG_WARN__DUPLICATE_METHOD_MATCH = YES;
				"CODE_SIGN_IDENTITY[sdk=iphoneos*]" = "iPhone Developer";
				COPY_PHASE_STRIP = NO;
				ENABLE_STRICT_OBJC_MSGSEND = YES;
				ENABLE_TESTABILITY = YES;
				GCC_C_LANGUAGE_STANDARD = gnu99;
				GCC_DYNAMIC_NO_PIC = NO;
				GCC_NO_COMMON_BLOCKS = YES;
				GCC_OPTIMIZATION_LEVEL = 0;
				GCC_PREPROCESSOR_DEFINITIONS = (
					"DEBUG=1",
					"$(inherited)",
				);
				GCC_SYMBOLS_PRIVATE_EXTERN = NO;
				GCC_WARN_64_TO_32_BIT_CONVERSION = YES;
				GCC_WARN_ABOUT_RETURN_TYPE = YES_ERROR;
				GCC_WARN_UNDECLARED_SELECTOR = YES;
				GCC_WARN_UNINITIALIZED_AUTOS = YES_AGGRESSIVE;
				GCC_WARN_UNUSED_FUNCTION = YES;
				GCC_WARN_UNUSED_VARIABLE = YES;
				IPHONEOS_DEPLOYMENT_TARGET = 11.0;
				MTL_ENABLE_DEBUG_INFO = YES;
				ONLY_ACTIVE_ARCH = YES;
				SDKROOT = iphoneos;
				TARGETED_DEVICE_FAMILY = "1,2";
			};
			name = Debug;
		};
		83D6DEBB1A853166003E9203 /* Release */ = {
			isa = XCBuildConfiguration;
			buildSettings = {
				ALWAYS_SEARCH_USER_PATHS = NO;
				CLANG_ANALYZER_LOCALIZABILITY_NONLOCALIZED = YES;
				CLANG_CXX_LANGUAGE_STANDARD = "gnu++0x";
				CLANG_CXX_LIBRARY = "libc++";
				CLANG_ENABLE_MODULES = YES;
				CLANG_ENABLE_OBJC_ARC = YES;
				CLANG_WARN_BLOCK_CAPTURE_AUTORELEASING = YES;
				CLANG_WARN_BOOL_CONVERSION = YES;
				CLANG_WARN_COMMA = YES;
				CLANG_WARN_CONSTANT_CONVERSION = YES;
				CLANG_WARN_DEPRECATED_OBJC_IMPLEMENTATIONS = YES;
				CLANG_WARN_DIRECT_OBJC_ISA_USAGE = YES_ERROR;
				CLANG_WARN_EMPTY_BODY = YES;
				CLANG_WARN_ENUM_CONVERSION = YES;
				CLANG_WARN_INFINITE_RECURSION = YES;
				CLANG_WARN_INT_CONVERSION = YES;
				CLANG_WARN_NON_LITERAL_NULL_CONVERSION = YES;
				CLANG_WARN_OBJC_IMPLICIT_RETAIN_SELF = YES;
				CLANG_WARN_OBJC_LITERAL_CONVERSION = YES;
				CLANG_WARN_OBJC_ROOT_CLASS = YES_ERROR;
				CLANG_WARN_QUOTED_INCLUDE_IN_FRAMEWORK_HEADER = YES;
				CLANG_WARN_RANGE_LOOP_ANALYSIS = YES;
				CLANG_WARN_STRICT_PROTOTYPES = YES;
				CLANG_WARN_SUSPICIOUS_MOVE = YES;
				CLANG_WARN_UNREACHABLE_CODE = YES;
				CLANG_WARN__DUPLICATE_METHOD_MATCH = YES;
				"CODE_SIGN_IDENTITY[sdk=iphoneos*]" = "iPhone Developer";
				COPY_PHASE_STRIP = NO;
				ENABLE_NS_ASSERTIONS = NO;
				ENABLE_STRICT_OBJC_MSGSEND = YES;
				GCC_C_LANGUAGE_STANDARD = gnu99;
				GCC_NO_COMMON_BLOCKS = YES;
				GCC_WARN_64_TO_32_BIT_CONVERSION = YES;
				GCC_WARN_ABOUT_RETURN_TYPE = YES_ERROR;
				GCC_WARN_UNDECLARED_SELECTOR = YES;
				GCC_WARN_UNINITIALIZED_AUTOS = YES_AGGRESSIVE;
				GCC_WARN_UNUSED_FUNCTION = YES;
				GCC_WARN_UNUSED_VARIABLE = YES;
				IPHONEOS_DEPLOYMENT_TARGET = 11.0;
				MTL_ENABLE_DEBUG_INFO = NO;
				SDKROOT = iphoneos;
				TARGETED_DEVICE_FAMILY = "1,2";
				VALIDATE_PRODUCT = YES;
			};
			name = Release;
		};
		83D6DEBD1A853166003E9203 /* Debug */ = {
			isa = XCBuildConfiguration;
			buildSettings = {
				ASSETCATALOG_COMPILER_APPICON_NAME = AppIcon;
				DEVELOPMENT_TEAM = "";
				INFOPLIST_FILE = TextRendering/Info.plist;
				LD_RUNPATH_SEARCH_PATHS = "$(inherited) @executable_path/Frameworks";
				PRODUCT_BUNDLE_IDENTIFIER = com.metalbyexample.TextRendering;
				PRODUCT_NAME = "$(TARGET_NAME)";
			};
			name = Debug;
		};
		83D6DEBE1A853166003E9203 /* Release */ = {
			isa = XCBuildConfiguration;
			buildSettings = {
				ASSETCATALOG_COMPILER_APPICON_NAME = AppIcon;
				DEVELOPMENT_TEAM = "";
				INFOPLIST_FILE = TextRendering/Info.plist;
				LD_RUNPATH_SEARCH_PATHS = "$(inherited) @executable_path/Frameworks";
				PRODUCT_BUNDLE_IDENTIFIER = com.metalbyexample.TextRendering;
				PRODUCT_NAME = "$(TARGET_NAME)";
			};
			name = Release;
		};
/* End XCBuildConfiguration section */

/* Begin XCConfigurationList section */
		83D6DE941A853166003E9203 /* Build configuration list for PBXProject "TextRendering" */ = {
			isa = XCConfigurationList;
			buildConfigurations = (
				83D6DEBA1A853166003E9203 /* Debug */,
				83D6DEBB1A853166003E9203 /* Release */,
			);
			defaultConfigurationIsVisible = 0;
			defaultConfigurationName = Release;
		};
		83D6DEBC1A853166003E9203 /* Build configuration list for PBXNativeTarget "TextRendering" */ = {
			isa = XCConfigurationList;
			buildConfigurations = (
				83D6DEBD1A853166003E9203 /* Debug */,
				83D6DEBE1A853166003E9203 /* Release */,
			);
			defaultConfigurationIsVisible = 0;
			defaultConfigurationName = Release;
		};
/* End XCConfigurationList section */
	};
	rootObject = 83D6DE911A853166003E9203 /* Project object */;
}
